// !$*UTF8*$!
{
	archiveVersion = 1;
	classes = {
	};
	objectVersion = 77;
	objects = {

/* Begin PBXBuildFile section */
		17D208D97346CE5FCBC9B19C /* Pods_physimoTests.framework in Frameworks */ = {isa = PBXBuildFile; fileRef = CBE511ED8729367477F92759 /* Pods_physimoTests.framework */; };
		34DD2329785BF4972A5591FE /* Pods_physimo_physimoUITests.framework in Frameworks */ = {isa = PBXBuildFile; fileRef = E47C14DE3CD00D47F86357FE /* Pods_physimo_physimoUITests.framework */; };
		CE92613FF70BF0E1AAEB8FE9 /* Pods_physimo.framework in Frameworks */ = {isa = PBXBuildFile; fileRef = CE2EA2E23FCFA31C2A24205F /* Pods_physimo.framework */; };
/* End PBXBuildFile section */

/* Begin PBXContainerItemProxy section */
		A4AF93802E22D5A7001207D5 /* PBXContainerItemProxy */ = {
			isa = PBXContainerItemProxy;
			containerPortal = A4AF936A2E22D5A5001207D5 /* Project object */;
			proxyType = 1;
			remoteGlobalIDString = A4AF93712E22D5A5001207D5;
			remoteInfo = physimo;
		};
		A4AF938A2E22D5A7001207D5 /* PBXContainerItemProxy */ = {
			isa = PBXContainerItemProxy;
			containerPortal = A4AF936A2E22D5A5001207D5 /* Project object */;
			proxyType = 1;
			remoteGlobalIDString = A4AF93712E22D5A5001207D5;
			remoteInfo = physimo;
		};
/* End PBXContainerItemProxy section */

/* Begin PBXFileReference section */
		0A2934C7B0B9166CE41C9196 /* Pods-physimoTests.debug.xcconfig */ = {isa = PBXFileReference; includeInIndex = 1; lastKnownFileType = text.xcconfig; name = "Pods-physimoTests.debug.xcconfig"; path = "Target Support Files/Pods-physimoTests/Pods-physimoTests.debug.xcconfig"; sourceTree = "<group>"; };
		144451AEF2E9EBE3FE3796B0 /* Pods-physimo.release.xcconfig */ = {isa = PBXFileReference; includeInIndex = 1; lastKnownFileType = text.xcconfig; name = "Pods-physimo.release.xcconfig"; path = "Target Support Files/Pods-physimo/Pods-physimo.release.xcconfig"; sourceTree = "<group>"; };
		7FC15508E8B9035ED62AACC6 /* Pods-physimo-physimoUITests.debug.xcconfig */ = {isa = PBXFileReference; includeInIndex = 1; lastKnownFileType = text.xcconfig; name = "Pods-physimo-physimoUITests.debug.xcconfig"; path = "Target Support Files/Pods-physimo-physimoUITests/Pods-physimo-physimoUITests.debug.xcconfig"; sourceTree = "<group>"; };
		98DE76BAF8EA00F1CF7E2874 /* Pods-physimoTests.release.xcconfig */ = {isa = PBXFileReference; includeInIndex = 1; lastKnownFileType = text.xcconfig; name = "Pods-physimoTests.release.xcconfig"; path = "Target Support Files/Pods-physimoTests/Pods-physimoTests.release.xcconfig"; sourceTree = "<group>"; };
		9EF7DF3343D317688A35DED5 /* Pods-physimo.debug.xcconfig */ = {isa = PBXFileReference; includeInIndex = 1; lastKnownFileType = text.xcconfig; name = "Pods-physimo.debug.xcconfig"; path = "Target Support Files/Pods-physimo/Pods-physimo.debug.xcconfig"; sourceTree = "<group>"; };
		A4AF93722E22D5A5001207D5 /* physimo.app */ = {isa = PBXFileReference; explicitFileType = wrapper.application; includeInIndex = 0; path = physimo.app; sourceTree = BUILT_PRODUCTS_DIR; };
		A4AF937F2E22D5A7001207D5 /* physimoTests.xctest */ = {isa = PBXFileReference; explicitFileType = wrapper.cfbundle; includeInIndex = 0; path = physimoTests.xctest; sourceTree = BUILT_PRODUCTS_DIR; };
		A4AF93892E22D5A7001207D5 /* physimoUITests.xctest */ = {isa = PBXFileReference; explicitFileType = wrapper.cfbundle; includeInIndex = 0; path = physimoUITests.xctest; sourceTree = BUILT_PRODUCTS_DIR; };
		CBE511ED8729367477F92759 /* Pods_physimoTests.framework */ = {isa = PBXFileReference; explicitFileType = wrapper.framework; includeInIndex = 0; path = Pods_physimoTests.framework; sourceTree = BUILT_PRODUCTS_DIR; };
		CE2EA2E23FCFA31C2A24205F /* Pods_physimo.framework */ = {isa = PBXFileReference; explicitFileType = wrapper.framework; includeInIndex = 0; path = Pods_physimo.framework; sourceTree = BUILT_PRODUCTS_DIR; };
		CF4B1A169F119D4BF236CDAE /* Pods-physimo-physimoUITests.release.xcconfig */ = {isa = PBXFileReference; includeInIndex = 1; lastKnownFileType = text.xcconfig; name = "Pods-physimo-physimoUITests.release.xcconfig"; path = "Target Support Files/Pods-physimo-physimoUITests/Pods-physimo-physimoUITests.release.xcconfig"; sourceTree = "<group>"; };
		E47C14DE3CD00D47F86357FE /* Pods_physimo_physimoUITests.framework */ = {isa = PBXFileReference; explicitFileType = wrapper.framework; includeInIndex = 0; path = Pods_physimo_physimoUITests.framework; sourceTree = BUILT_PRODUCTS_DIR; };
/* End PBXFileReference section */

/* Begin PBXFileSystemSynchronizedBuildFileExceptionSet section */
		A4A3CDF82E2B98E2000BB343 /* Exceptions for "physimo" folder in "physimo" target */ = {
			isa = PBXFileSystemSynchronizedBuildFileExceptionSet;
			membershipExceptions = (
				Assets.xcassets,
				Models/Upload.swift,
			);
			target = A4AF93712E22D5A5001207D5 /* physimo */;
		};
/* End PBXFileSystemSynchronizedBuildFileExceptionSet section */

/* Begin PBXFileSystemSynchronizedRootGroup section */
		A4A3CDE82E2B98E2000BB343 /* physimo */ = {
			isa = PBXFileSystemSynchronizedRootGroup;
			exceptions = (
				A4A3CDF82E2B98E2000BB343 /* Exceptions for "physimo" folder in "physimo" target */,
			);
			path = physimo;
			sourceTree = "<group>";
		};
		A4AF93822E22D5A7001207D5 /* physimoTests */ = {
			isa = PBXFileSystemSynchronizedRootGroup;
			path = physimoTests;
			sourceTree = "<group>";
		};
		A4AF938C2E22D5A7001207D5 /* physimoUITests */ = {
			isa = PBXFileSystemSynchronizedRootGroup;
			path = physimoUITests;
			sourceTree = "<group>";
		};
/* End PBXFileSystemSynchronizedRootGroup section */

/* Begin PBXFrameworksBuildPhase section */
		A4AF936F2E22D5A5001207D5 /* Frameworks */ = {
			isa = PBXFrameworksBuildPhase;
			buildActionMask = 2147483647;
			files = (
				CE92613FF70BF0E1AAEB8FE9 /* Pods_physimo.framework in Frameworks */,
			);
			runOnlyForDeploymentPostprocessing = 0;
		};
		A4AF937C2E22D5A7001207D5 /* Frameworks */ = {
			isa = PBXFrameworksBuildPhase;
			buildActionMask = 2147483647;
			files = (
				17D208D97346CE5FCBC9B19C /* Pods_physimoTests.framework in Frameworks */,
			);
			runOnlyForDeploymentPostprocessing = 0;
		};
		A4AF93862E22D5A7001207D5 /* Frameworks */ = {
			isa = PBXFrameworksBuildPhase;
			buildActionMask = 2147483647;
			files = (
				34DD2329785BF4972A5591FE /* Pods_physimo_physimoUITests.framework in Frameworks */,
			);
			runOnlyForDeploymentPostprocessing = 0;
		};
/* End PBXFrameworksBuildPhase section */

/* Begin PBXGroup section */
		3F17B3D05C43CD0C9C395EF2 /* Pods */ = {
			isa = PBXGroup;
			children = (
				9EF7DF3343D317688A35DED5 /* Pods-physimo.debug.xcconfig */,
				144451AEF2E9EBE3FE3796B0 /* Pods-physimo.release.xcconfig */,
				7FC15508E8B9035ED62AACC6 /* Pods-physimo-physimoUITests.debug.xcconfig */,
				CF4B1A169F119D4BF236CDAE /* Pods-physimo-physimoUITests.release.xcconfig */,
				0A2934C7B0B9166CE41C9196 /* Pods-physimoTests.debug.xcconfig */,
				98DE76BAF8EA00F1CF7E2874 /* Pods-physimoTests.release.xcconfig */,
			);
			path = Pods;
			sourceTree = "<group>";
		};
		A4AF93692E22D5A5001207D5 = {
			isa = PBXGroup;
			children = (
				A4A3CDE82E2B98E2000BB343 /* physimo */,
				A4AF93822E22D5A7001207D5 /* physimoTests */,
				A4AF938C2E22D5A7001207D5 /* physimoUITests */,
				A4AF93732E22D5A5001207D5 /* Products */,
				3F17B3D05C43CD0C9C395EF2 /* Pods */,
				DC7C458C09C7A7DB6DB9EF4F /* Frameworks */,
			);
			sourceTree = "<group>";
		};
		A4AF93732E22D5A5001207D5 /* Products */ = {
			isa = PBXGroup;
			children = (
				A4AF93722E22D5A5001207D5 /* physimo.app */,
				A4AF937F2E22D5A7001207D5 /* physimoTests.xctest */,
				A4AF93892E22D5A7001207D5 /* physimoUITests.xctest */,
			);
			name = Products;
			sourceTree = "<group>";
		};
		DC7C458C09C7A7DB6DB9EF4F /* Frameworks */ = {
			isa = PBXGroup;
			children = (
				CE2EA2E23FCFA31C2A24205F /* Pods_physimo.framework */,
				E47C14DE3CD00D47F86357FE /* Pods_physimo_physimoUITests.framework */,
				CBE511ED8729367477F92759 /* Pods_physimoTests.framework */,
			);
			name = Frameworks;
			sourceTree = "<group>";
		};
/* End PBXGroup section */

/* Begin PBXNativeTarget section */
		A4AF93712E22D5A5001207D5 /* physimo */ = {
			isa = PBXNativeTarget;
			buildConfigurationList = A4AF93932E22D5A7001207D5 /* Build configuration list for PBXNativeTarget "physimo" */;
			buildPhases = (
				B9727E84572B7BDCF802DAA0 /* [CP] Check Pods Manifest.lock */,
				A4AF936E2E22D5A5001207D5 /* Sources */,
				A4AF936F2E22D5A5001207D5 /* Frameworks */,
				A4A3CEE32E2D3EE8000BB343 /* Resources */,
			);
			buildRules = (
			);
			dependencies = (
			);
			fileSystemSynchronizedGroups = (
				A4A3CDE82E2B98E2000BB343 /* physimo */,
			);
			name = physimo;
			productName = physimo;
			productReference = A4AF93722E22D5A5001207D5 /* physimo.app */;
			productType = "com.apple.product-type.application";
		};
		A4AF937E2E22D5A7001207D5 /* physimoTests */ = {
			isa = PBXNativeTarget;
			buildConfigurationList = A4AF93962E22D5A7001207D5 /* Build configuration list for PBXNativeTarget "physimoTests" */;
			buildPhases = (
				FD57700418C759704B7D6618 /* [CP] Check Pods Manifest.lock */,
				A4AF937B2E22D5A7001207D5 /* Sources */,
				A4AF937C2E22D5A7001207D5 /* Frameworks */,
				A4AF937D2E22D5A7001207D5 /* Resources */,
			);
			buildRules = (
			);
			dependencies = (
				A4AF93812E22D5A7001207D5 /* PBXTargetDependency */,
			);
			fileSystemSynchronizedGroups = (
				A4AF93822E22D5A7001207D5 /* physimoTests */,
			);
			name = physimoTests;
			productName = physimoTests;
			productReference = A4AF937F2E22D5A7001207D5 /* physimoTests.xctest */;
			productType = "com.apple.product-type.bundle.unit-test";
		};
		A4AF93882E22D5A7001207D5 /* physimoUITests */ = {
			isa = PBXNativeTarget;
			buildConfigurationList = A4AF93992E22D5A7001207D5 /* Build configuration list for PBXNativeTarget "physimoUITests" */;
			buildPhases = (
				A2346935B79A00421A27B27D /* [CP] Check Pods Manifest.lock */,
				A4AF93852E22D5A7001207D5 /* Sources */,
				A4AF93862E22D5A7001207D5 /* Frameworks */,
				A4AF93872E22D5A7001207D5 /* Resources */,
			);
			buildRules = (
			);
			dependencies = (
				A4AF938B2E22D5A7001207D5 /* PBXTargetDependency */,
			);
			fileSystemSynchronizedGroups = (
				A4AF938C2E22D5A7001207D5 /* physimoUITests */,
			);
			name = physimoUITests;
			productName = physimoUITests;
			productReference = A4AF93892E22D5A7001207D5 /* physimoUITests.xctest */;
			productType = "com.apple.product-type.bundle.ui-testing";
		};
/* End PBXNativeTarget section */

/* Begin PBXProject section */
		A4AF936A2E22D5A5001207D5 /* Project object */ = {
			isa = PBXProject;
			attributes = {
				BuildIndependentTargetsInParallel = 1;
				LastSwiftUpdateCheck = 1640;
				LastUpgradeCheck = 1640;
				TargetAttributes = {
					A4AF93712E22D5A5001207D5 = {
						CreatedOnToolsVersion = 16.4;
					};
					A4AF937E2E22D5A7001207D5 = {
						CreatedOnToolsVersion = 16.4;
						TestTargetID = A4AF93712E22D5A5001207D5;
					};
					A4AF93882E22D5A7001207D5 = {
						CreatedOnToolsVersion = 16.4;
						TestTargetID = A4AF93712E22D5A5001207D5;
					};
				};
			};
			buildConfigurationList = A4AF936D2E22D5A5001207D5 /* Build configuration list for PBXProject "physimo" */;
			developmentRegion = en;
			hasScannedForEncodings = 0;
			knownRegions = (
				en,
				Base,
			);
			mainGroup = A4AF93692E22D5A5001207D5;
			minimizedProjectReferenceProxies = 1;
			preferredProjectObjectVersion = 77;
			productRefGroup = A4AF93732E22D5A5001207D5 /* Products */;
			projectDirPath = "";
			projectRoot = "";
			targets = (
				A4AF93712E22D5A5001207D5 /* physimo */,
				A4AF937E2E22D5A7001207D5 /* physimoTests */,
				A4AF93882E22D5A7001207D5 /* physimoUITests */,
			);
		};
/* End PBXProject section */

/* Begin PBXResourcesBuildPhase section */
		A4A3CEE32E2D3EE8000BB343 /* Resources */ = {
			isa = PBXResourcesBuildPhase;
			buildActionMask = 2147483647;
			files = (
			);
			runOnlyForDeploymentPostprocessing = 0;
		};
		A4AF937D2E22D5A7001207D5 /* Resources */ = {
			isa = PBXResourcesBuildPhase;
			buildActionMask = 2147483647;
			files = (
			);
			runOnlyForDeploymentPostprocessing = 0;
		};
		A4AF93872E22D5A7001207D5 /* Resources */ = {
			isa = PBXResourcesBuildPhase;
			buildActionMask = 2147483647;
			files = (
			);
			runOnlyForDeploymentPostprocessing = 0;
		};
/* End PBXResourcesBuildPhase section */

/* Begin PBXShellScriptBuildPhase section */
		A2346935B79A00421A27B27D /* [CP] Check Pods Manifest.lock */ = {
			isa = PBXShellScriptBuildPhase;
			buildActionMask = 2147483647;
			files = (
			);
			inputFileListPaths = (
			);
			inputPaths = (
				"${PODS_PODFILE_DIR_PATH}/Podfile.lock",
				"${PODS_ROOT}/Manifest.lock",
			);
			name = "[CP] Check Pods Manifest.lock";
			outputFileListPaths = (
			);
			outputPaths = (
				"$(DERIVED_FILE_DIR)/Pods-physimo-physimoUITests-checkManifestLockResult.txt",
			);
			runOnlyForDeploymentPostprocessing = 0;
			shellPath = /bin/sh;
			shellScript = "diff \"${PODS_PODFILE_DIR_PATH}/Podfile.lock\" \"${PODS_ROOT}/Manifest.lock\" > /dev/null\nif [ $? != 0 ] ; then\n    # print error to STDERR\n    echo \"error: The sandbox is not in sync with the Podfile.lock. Run 'pod install' or update your CocoaPods installation.\" >&2\n    exit 1\nfi\n# This output is used by Xcode 'outputs' to avoid re-running this script phase.\necho \"SUCCESS\" > \"${SCRIPT_OUTPUT_FILE_0}\"\n";
			showEnvVarsInLog = 0;
		};
		B9727E84572B7BDCF802DAA0 /* [CP] Check Pods Manifest.lock */ = {
			isa = PBXShellScriptBuildPhase;
			buildActionMask = 2147483647;
			files = (
			);
			inputFileListPaths = (
			);
			inputPaths = (
				"${PODS_PODFILE_DIR_PATH}/Podfile.lock",
				"${PODS_ROOT}/Manifest.lock",
			);
			name = "[CP] Check Pods Manifest.lock";
			outputFileListPaths = (
			);
			outputPaths = (
				"$(DERIVED_FILE_DIR)/Pods-physimo-checkManifestLockResult.txt",
			);
			runOnlyForDeploymentPostprocessing = 0;
			shellPath = /bin/sh;
			shellScript = "diff \"${PODS_PODFILE_DIR_PATH}/Podfile.lock\" \"${PODS_ROOT}/Manifest.lock\" > /dev/null\nif [ $? != 0 ] ; then\n    # print error to STDERR\n    echo \"error: The sandbox is not in sync with the Podfile.lock. Run 'pod install' or update your CocoaPods installation.\" >&2\n    exit 1\nfi\n# This output is used by Xcode 'outputs' to avoid re-running this script phase.\necho \"SUCCESS\" > \"${SCRIPT_OUTPUT_FILE_0}\"\n";
			showEnvVarsInLog = 0;
		};
		FD57700418C759704B7D6618 /* [CP] Check Pods Manifest.lock */ = {
			isa = PBXShellScriptBuildPhase;
			buildActionMask = 2147483647;
			files = (
			);
			inputFileListPaths = (
			);
			inputPaths = (
				"${PODS_PODFILE_DIR_PATH}/Podfile.lock",
				"${PODS_ROOT}/Manifest.lock",
			);
			name = "[CP] Check Pods Manifest.lock";
			outputFileListPaths = (
			);
			outputPaths = (
				"$(DERIVED_FILE_DIR)/Pods-physimoTests-checkManifestLockResult.txt",
			);
			runOnlyForDeploymentPostprocessing = 0;
			shellPath = /bin/sh;
			shellScript = "diff \"${PODS_PODFILE_DIR_PATH}/Podfile.lock\" \"${PODS_ROOT}/Manifest.lock\" > /dev/null\nif [ $? != 0 ] ; then\n    # print error to STDERR\n    echo \"error: The sandbox is not in sync with the Podfile.lock. Run 'pod install' or update your CocoaPods installation.\" >&2\n    exit 1\nfi\n# This output is used by Xcode 'outputs' to avoid re-running this script phase.\necho \"SUCCESS\" > \"${SCRIPT_OUTPUT_FILE_0}\"\n";
			showEnvVarsInLog = 0;
		};
/* End PBXShellScriptBuildPhase section */

/* Begin PBXSourcesBuildPhase section */
		A4AF936E2E22D5A5001207D5 /* Sources */ = {
			isa = PBXSourcesBuildPhase;
			buildActionMask = 2147483647;
			files = (
			);
			runOnlyForDeploymentPostprocessing = 0;
		};
		A4AF937B2E22D5A7001207D5 /* Sources */ = {
			isa = PBXSourcesBuildPhase;
			buildActionMask = 2147483647;
			files = (
			);
			runOnlyForDeploymentPostprocessing = 0;
		};
		A4AF93852E22D5A7001207D5 /* Sources */ = {
			isa = PBXSourcesBuildPhase;
			buildActionMask = 2147483647;
			files = (
			);
			runOnlyForDeploymentPostprocessing = 0;
		};
/* End PBXSourcesBuildPhase section */

/* Begin PBXTargetDependency section */
		A4AF93812E22D5A7001207D5 /* PBXTargetDependency */ = {
			isa = PBXTargetDependency;
			target = A4AF93712E22D5A5001207D5 /* physimo */;
			targetProxy = A4AF93802E22D5A7001207D5 /* PBXContainerItemProxy */;
		};
		A4AF938B2E22D5A7001207D5 /* PBXTargetDependency */ = {
			isa = PBXTargetDependency;
			target = A4AF93712E22D5A5001207D5 /* physimo */;
			targetProxy = A4AF938A2E22D5A7001207D5 /* PBXContainerItemProxy */;
		};
/* End PBXTargetDependency section */

/* Begin XCBuildConfiguration section */
		A4AF93912E22D5A7001207D5 /* Debug */ = {
			isa = XCBuildConfiguration;
			buildSettings = {
				ALWAYS_SEARCH_USER_PATHS = NO;
				ASSETCATALOG_COMPILER_GENERATE_SWIFT_ASSET_SYMBOL_EXTENSIONS = YES;
				CLANG_ANALYZER_NONNULL = YES;
				CLANG_ANALYZER_NUMBER_OBJECT_CONVERSION = YES_AGGRESSIVE;
				CLANG_CXX_LANGUAGE_STANDARD = "gnu++20";
				CLANG_ENABLE_MODULES = YES;
				CLANG_ENABLE_OBJC_ARC = YES;
				CLANG_ENABLE_OBJC_WEAK = YES;
				CLANG_WARN_BLOCK_CAPTURE_AUTORELEASING = YES;
				CLANG_WARN_BOOL_CONVERSION = YES;
				CLANG_WARN_COMMA = YES;
				CLANG_WARN_CONSTANT_CONVERSION = YES;
				CLANG_WARN_DEPRECATED_OBJC_IMPLEMENTATIONS = YES;
				CLANG_WARN_DIRECT_OBJC_ISA_USAGE = YES_ERROR;
				CLANG_WARN_DOCUMENTATION_COMMENTS = YES;
				CLANG_WARN_EMPTY_BODY = YES;
				CLANG_WARN_ENUM_CONVERSION = YES;
				CLANG_WARN_INFINITE_RECURSION = YES;
				CLANG_WARN_INT_CONVERSION = YES;
				CLANG_WARN_NON_LITERAL_NULL_CONVERSION = YES;
				CLANG_WARN_OBJC_IMPLICIT_RETAIN_SELF = YES;
				CLANG_WARN_OBJC_LITERAL_CONVERSION = YES;
				CLANG_WARN_OBJC_ROOT_CLASS = YES_ERROR;
				CLANG_WARN_QUOTED_INCLUDE_IN_FRAMEWORK_HEADER = YES;
				CLANG_WARN_RANGE_LOOP_ANALYSIS = YES;
				CLANG_WARN_STRICT_PROTOTYPES = YES;
				CLANG_WARN_SUSPICIOUS_MOVE = YES;
				CLANG_WARN_UNGUARDED_AVAILABILITY = YES_AGGRESSIVE;
				CLANG_WARN_UNREACHABLE_CODE = YES;
				CLANG_WARN__DUPLICATE_METHOD_MATCH = YES;
				COPY_PHASE_STRIP = NO;
				DEBUG_INFORMATION_FORMAT = dwarf;
				DEVELOPMENT_TEAM = K8K2DKKCR7;
				ENABLE_STRICT_OBJC_MSGSEND = YES;
				ENABLE_TESTABILITY = YES;
				ENABLE_USER_SCRIPT_SANDBOXING = YES;
				GCC_C_LANGUAGE_STANDARD = gnu17;
				GCC_DYNAMIC_NO_PIC = NO;
				GCC_NO_COMMON_BLOCKS = YES;
				GCC_OPTIMIZATION_LEVEL = 0;
				GCC_PREPROCESSOR_DEFINITIONS = (
					"DEBUG=1",
					"$(inherited)",
				);
				GCC_WARN_64_TO_32_BIT_CONVERSION = YES;
				GCC_WARN_ABOUT_RETURN_TYPE = YES_ERROR;
				GCC_WARN_UNDECLARED_SELECTOR = YES;
				GCC_WARN_UNINITIALIZED_AUTOS = YES_AGGRESSIVE;
				GCC_WARN_UNUSED_FUNCTION = YES;
				GCC_WARN_UNUSED_VARIABLE = YES;
				IPHONEOS_DEPLOYMENT_TARGET = 18.5;
				LOCALIZATION_PREFERS_STRING_CATALOGS = YES;
				MTL_ENABLE_DEBUG_INFO = INCLUDE_SOURCE;
				MTL_FAST_MATH = YES;
				ONLY_ACTIVE_ARCH = YES;
				SDKROOT = iphoneos;
				SWIFT_ACTIVE_COMPILATION_CONDITIONS = "DEBUG $(inherited)";
				SWIFT_OPTIMIZATION_LEVEL = "-Onone";
			};
			name = Debug;
		};
		A4AF93922E22D5A7001207D5 /* Release */ = {
			isa = XCBuildConfiguration;
			buildSettings = {
				ALWAYS_SEARCH_USER_PATHS = NO;
				ASSETCATALOG_COMPILER_GENERATE_SWIFT_ASSET_SYMBOL_EXTENSIONS = YES;
				CLANG_ANALYZER_NONNULL = YES;
				CLANG_ANALYZER_NUMBER_OBJECT_CONVERSION = YES_AGGRESSIVE;
				CLANG_CXX_LANGUAGE_STANDARD = "gnu++20";
				CLANG_ENABLE_MODULES = YES;
				CLANG_ENABLE_OBJC_ARC = YES;
				CLANG_ENABLE_OBJC_WEAK = YES;
				CLANG_WARN_BLOCK_CAPTURE_AUTORELEASING = YES;
				CLANG_WARN_BOOL_CONVERSION = YES;
				CLANG_WARN_COMMA = YES;
				CLANG_WARN_CONSTANT_CONVERSION = YES;
				CLANG_WARN_DEPRECATED_OBJC_IMPLEMENTATIONS = YES;
				CLANG_WARN_DIRECT_OBJC_ISA_USAGE = YES_ERROR;
				CLANG_WARN_DOCUMENTATION_COMMENTS = YES;
				CLANG_WARN_EMPTY_BODY = YES;
				CLANG_WARN_ENUM_CONVERSION = YES;
				CLANG_WARN_INFINITE_RECURSION = YES;
				CLANG_WARN_INT_CONVERSION = YES;
				CLANG_WARN_NON_LITERAL_NULL_CONVERSION = YES;
				CLANG_WARN_OBJC_IMPLICIT_RETAIN_SELF = YES;
				CLANG_WARN_OBJC_LITERAL_CONVERSION = YES;
				CLANG_WARN_OBJC_ROOT_CLASS = YES_ERROR;
				CLANG_WARN_QUOTED_INCLUDE_IN_FRAMEWORK_HEADER = YES;
				CLANG_WARN_RANGE_LOOP_ANALYSIS = YES;
				CLANG_WARN_STRICT_PROTOTYPES = YES;
				CLANG_WARN_SUSPICIOUS_MOVE = YES;
				CLANG_WARN_UNGUARDED_AVAILABILITY = YES_AGGRESSIVE;
				CLANG_WARN_UNREACHABLE_CODE = YES;
				CLANG_WARN__DUPLICATE_METHOD_MATCH = YES;
				COPY_PHASE_STRIP = NO;
				DEBUG_INFORMATION_FORMAT = "dwarf-with-dsym";
				DEVELOPMENT_TEAM = K8K2DKKCR7;
				ENABLE_NS_ASSERTIONS = NO;
				ENABLE_STRICT_OBJC_MSGSEND = YES;
				ENABLE_USER_SCRIPT_SANDBOXING = YES;
				GCC_C_LANGUAGE_STANDARD = gnu17;
				GCC_NO_COMMON_BLOCKS = YES;
				GCC_WARN_64_TO_32_BIT_CONVERSION = YES;
				GCC_WARN_ABOUT_RETURN_TYPE = YES_ERROR;
				GCC_WARN_UNDECLARED_SELECTOR = YES;
				GCC_WARN_UNINITIALIZED_AUTOS = YES_AGGRESSIVE;
				GCC_WARN_UNUSED_FUNCTION = YES;
				GCC_WARN_UNUSED_VARIABLE = YES;
				IPHONEOS_DEPLOYMENT_TARGET = 18.5;
				LOCALIZATION_PREFERS_STRING_CATALOGS = YES;
				MTL_ENABLE_DEBUG_INFO = NO;
				MTL_FAST_MATH = YES;
				SDKROOT = iphoneos;
				SWIFT_COMPILATION_MODE = wholemodule;
				VALIDATE_PRODUCT = YES;
			};
			name = Release;
		};
		A4AF93942E22D5A7001207D5 /* Debug */ = {
			isa = XCBuildConfiguration;
			baseConfigurationReference = 9EF7DF3343D317688A35DED5 /* Pods-physimo.debug.xcconfig */;
			buildSettings = {
				ASSETCATALOG_COMPILER_APPICON_NAME = AppIcon;
				ASSETCATALOG_COMPILER_GLOBAL_ACCENT_COLOR_NAME = AccentColor;
				CODE_SIGN_STYLE = Automatic;
				CURRENT_PROJECT_VERSION = 1;
				DEVELOPMENT_TEAM = K8K2DKKCR7;
				ENABLE_PREVIEWS = YES;
				GENERATE_INFOPLIST_FILE = YES;
				INFOPLIST_KEY_NSCameraUsageDescription = "We need access to your camera to record rehab exercises.";
				INFOPLIST_KEY_NSPhotoLibraryAddUsageDescription = "We need permission to save your processed videos or photos";
				INFOPLIST_KEY_NSPhotoLibraryUsageDescription = "We need access to let you upload existing exercise media";
				INFOPLIST_KEY_UIApplicationSceneManifest_Generation = YES;
				INFOPLIST_KEY_UIApplicationSupportsIndirectInputEvents = YES;
				INFOPLIST_KEY_UILaunchScreen_Generation = YES;
				INFOPLIST_KEY_UISupportedInterfaceOrientations_iPad = "UIInterfaceOrientationPortrait UIInterfaceOrientationPortraitUpsideDown UIInterfaceOrientationLandscapeLeft UIInterfaceOrientationLandscapeRight";
				INFOPLIST_KEY_UISupportedInterfaceOrientations_iPhone = "UIInterfaceOrientationPortrait UIInterfaceOrientationLandscapeLeft UIInterfaceOrientationLandscapeRight";
				LD_RUNPATH_SEARCH_PATHS = (
					"$(inherited)",
					"@executable_path/Frameworks",
				);
				MARKETING_VERSION = 1.0;
				PRODUCT_BUNDLE_IDENTIFIER = LD.physimo;
				PRODUCT_NAME = "$(TARGET_NAME)";
				SWIFT_EMIT_LOC_STRINGS = YES;
				SWIFT_VERSION = 5.0;
				TARGETED_DEVICE_FAMILY = "1,2";
			};
			name = Debug;
		};
		A4AF93952E22D5A7001207D5 /* Release */ = {
			isa = XCBuildConfiguration;
			baseConfigurationReference = 144451AEF2E9EBE3FE3796B0 /* Pods-physimo.release.xcconfig */;
			buildSettings = {
				ASSETCATALOG_COMPILER_APPICON_NAME = AppIcon;
				ASSETCATALOG_COMPILER_GLOBAL_ACCENT_COLOR_NAME = AccentColor;
				CODE_SIGN_STYLE = Automatic;
				CURRENT_PROJECT_VERSION = 1;
				DEVELOPMENT_TEAM = K8K2DKKCR7;
				ENABLE_PREVIEWS = YES;
				GENERATE_INFOPLIST_FILE = YES;
				INFOPLIST_KEY_NSCameraUsageDescription = "We need access to your camera to record rehab exercises.";
				INFOPLIST_KEY_NSPhotoLibraryAddUsageDescription = "We need permission to save your processed videos or photos";
				INFOPLIST_KEY_NSPhotoLibraryUsageDescription = "We need access to let you upload existing exercise media";
				INFOPLIST_KEY_UIApplicationSceneManifest_Generation = YES;
				INFOPLIST_KEY_UIApplicationSupportsIndirectInputEvents = YES;
				INFOPLIST_KEY_UILaunchScreen_Generation = YES;
				INFOPLIST_KEY_UISupportedInterfaceOrientations_iPad = "UIInterfaceOrientationPortrait UIInterfaceOrientationPortraitUpsideDown UIInterfaceOrientationLandscapeLeft UIInterfaceOrientationLandscapeRight";
				INFOPLIST_KEY_UISupportedInterfaceOrientations_iPhone = "UIInterfaceOrientationPortrait UIInterfaceOrientationLandscapeLeft UIInterfaceOrientationLandscapeRight";
				LD_RUNPATH_SEARCH_PATHS = (
					"$(inherited)",
					"@executable_path/Frameworks",
				);
				MARKETING_VERSION = 1.0;
				PRODUCT_BUNDLE_IDENTIFIER = LD.physimo;
				PRODUCT_NAME = "$(TARGET_NAME)";
				SWIFT_EMIT_LOC_STRINGS = YES;
				SWIFT_VERSION = 5.0;
				TARGETED_DEVICE_FAMILY = "1,2";
			};
			name = Release;
		};
		A4AF93972E22D5A7001207D5 /* Debug */ = {
			isa = XCBuildConfiguration;
			baseConfigurationReference = 0A2934C7B0B9166CE41C9196 /* Pods-physimoTests.debug.xcconfig */;
			buildSettings = {
				BUNDLE_LOADER = "$(TEST_HOST)";
				CODE_SIGN_STYLE = Automatic;
				CURRENT_PROJECT_VERSION = 1;
				DEVELOPMENT_TEAM = K8K2DKKCR7;
				GENERATE_INFOPLIST_FILE = YES;
				IPHONEOS_DEPLOYMENT_TARGET = 18.5;
				MARKETING_VERSION = 1.0;
				PRODUCT_BUNDLE_IDENTIFIER = LD.physimoTests;
				PRODUCT_NAME = "$(TARGET_NAME)";
				SWIFT_EMIT_LOC_STRINGS = NO;
				SWIFT_VERSION = 5.0;
				TARGETED_DEVICE_FAMILY = "1,2";
				TEST_HOST = "$(BUILT_PRODUCTS_DIR)/physimo.app/$(BUNDLE_EXECUTABLE_FOLDER_PATH)/physimo";
			};
			name = Debug;
		};
		A4AF93982E22D5A7001207D5 /* Release */ = {
			isa = XCBuildConfiguration;
			baseConfigurationReference = 98DE76BAF8EA00F1CF7E2874 /* Pods-physimoTests.release.xcconfig */;
			buildSettings = {
				BUNDLE_LOADER = "$(TEST_HOST)";
				CODE_SIGN_STYLE = Automatic;
				CURRENT_PROJECT_VERSION = 1;
				DEVELOPMENT_TEAM = K8K2DKKCR7;
				GENERATE_INFOPLIST_FILE = YES;
				IPHONEOS_DEPLOYMENT_TARGET = 18.5;
				MARKETING_VERSION = 1.0;
				PRODUCT_BUNDLE_IDENTIFIER = LD.physimoTests;
				PRODUCT_NAME = "$(TARGET_NAME)";
				SWIFT_EMIT_LOC_STRINGS = NO;
				SWIFT_VERSION = 5.0;
				TARGETED_DEVICE_FAMILY = "1,2";
				TEST_HOST = "$(BUILT_PRODUCTS_DIR)/physimo.app/$(BUNDLE_EXECUTABLE_FOLDER_PATH)/physimo";
			};
			name = Release;
		};
		A4AF939A2E22D5A7001207D5 /* Debug */ = {
			isa = XCBuildConfiguration;
			baseConfigurationReference = 7FC15508E8B9035ED62AACC6 /* Pods-physimo-physimoUITests.debug.xcconfig */;
			buildSettings = {
				CODE_SIGN_STYLE = Automatic;
				CURRENT_PROJECT_VERSION = 1;
				DEVELOPMENT_TEAM = K8K2DKKCR7;
				GENERATE_INFOPLIST_FILE = YES;
				MARKETING_VERSION = 1.0;
				PRODUCT_BUNDLE_IDENTIFIER = LD.physimoUITests;
				PRODUCT_NAME = "$(TARGET_NAME)";
				SWIFT_EMIT_LOC_STRINGS = NO;
				SWIFT_VERSION = 5.0;
				TARGETED_DEVICE_FAMILY = "1,2";
				TEST_TARGET_NAME = physimo;
			};
			name = Debug;
		};
		A4AF939B2E22D5A7001207D5 /* Release */ = {
			isa = XCBuildConfiguration;
			baseConfigurationReference = CF4B1A169F119D4BF236CDAE /* Pods-physimo-physimoUITests.release.xcconfig */;
			buildSettings = {
				CODE_SIGN_STYLE = Automatic;
				CURRENT_PROJECT_VERSION = 1;
				DEVELOPMENT_TEAM = K8K2DKKCR7;
				GENERATE_INFOPLIST_FILE = YES;
				MARKETING_VERSION = 1.0;
				PRODUCT_BUNDLE_IDENTIFIER = LD.physimoUITests;
				PRODUCT_NAME = "$(TARGET_NAME)";
				SWIFT_EMIT_LOC_STRINGS = NO;
				SWIFT_VERSION = 5.0;
				TARGETED_DEVICE_FAMILY = "1,2";
				TEST_TARGET_NAME = physimo;
			};
			name = Release;
		};
/* End XCBuildConfiguration section */

/* Begin XCConfigurationList section */
		A4AF936D2E22D5A5001207D5 /* Build configuration list for PBXProject "physimo" */ = {
			isa = XCConfigurationList;
			buildConfigurations = (
				A4AF93912E22D5A7001207D5 /* Debug */,
				A4AF93922E22D5A7001207D5 /* Release */,
			);
			defaultConfigurationIsVisible = 0;
			defaultConfigurationName = Release;
		};
		A4AF93932E22D5A7001207D5 /* Build configuration list for PBXNativeTarget "physimo" */ = {
			isa = XCConfigurationList;
			buildConfigurations = (
				A4AF93942E22D5A7001207D5 /* Debug */,
				A4AF93952E22D5A7001207D5 /* Release */,
			);
			defaultConfigurationIsVisible = 0;
			defaultConfigurationName = Release;
		};
		A4AF93962E22D5A7001207D5 /* Build configuration list for PBXNativeTarget "physimoTests" */ = {
			isa = XCConfigurationList;
			buildConfigurations = (
				A4AF93972E22D5A7001207D5 /* Debug */,
				A4AF93982E22D5A7001207D5 /* Release */,
			);
			defaultConfigurationIsVisible = 0;
			defaultConfigurationName = Release;
		};
		A4AF93992E22D5A7001207D5 /* Build configuration list for PBXNativeTarget "physimoUITests" */ = {
			isa = XCConfigurationList;
			buildConfigurations = (
				A4AF939A2E22D5A7001207D5 /* Debug */,
				A4AF939B2E22D5A7001207D5 /* Release */,
			);
			defaultConfigurationIsVisible = 0;
			defaultConfigurationName = Release;
		};
/* End XCConfigurationList section */
	};
	rootObject = A4AF936A2E22D5A5001207D5 /* Project object */;
}
